github.com/BurntSushi/toml v0.3.1 h1:WXkYYl6Yr3qBf1K79EBnL4mak0OimBfB0XUf9Vl28OQ=
github.com/BurntSushi/toml v0.3.1/go.mod h1:xHWCNGjB5oqiDr8zfno3MHue2Ht5sIBksp03qcyfWMU=
github.com/gidoBOSSftw5731/covid-19-scraper v0.0.0-20200329063117-0b72f051b415 h1:S1ya2ujc/1rgmONEsn7d0/p0wTQdSQsByWKrWdluMLE=
github.com/gidoBOSSftw5731/covid-19-scraper v0.0.0-20200329063117-0b72f051b415/go.mod h1:pXfcqAQi7TChT1A3StQHvT/AZap96pl4RkP9deW77q4=
github.com/gidoBOSSftw5731/covid-19-scraper/apiListener v0.0.0-20200326083907-e8611aeda9a2/go.mod h1:FnJXfg6Gy4kMMoJDRa3PTociECdwAGFQ1hHtpCDeuKs=
github.com/gidoBOSSftw5731/log v0.0.0-20190718204308-3ae037c6203f h1:vg/m9Ir/7GFkx2+ZWxdVjIF7ExwETtWZA99uqJtwuiQ=
github.com/gidoBOSSftw5731/log v0.0.0-20190718204308-3ae037c6203f/go.mod h1:a8Ke7EvCSaGUHJbc4PB7gaOgeqAsb8TgGX0kOaunaOY=
github.com/golang/protobuf v1.4.0-rc.1/go.mod h1:ceaxUfeHdC40wWswd/P6IGgMaK3YpKi5j83Wpe3EHw8=
github.com/golang/protobuf v1.4.0-rc.1.0.20200221234624-67d41d38c208/go.mod h1:xKAWHe0F5eneWXFV3EuXVDTCmh+JuBKY0li0aMyXATA=
github.com/golang/protobuf v1.4.0-rc.2/go.mod h1:LlEzMj4AhA7rCAGe4KMBDvJI+AwstrUpVNzEA03Pprs=
github.com/golang/protobuf v1.4.0-rc.4.0.20200313231945-b860323f09d0/go.mod h1:WU3c8KckQ9AFe+yFwt9sWVRKCVIyN9cPHBJSNnbL67w=
github.com/golang/protobuf v1.4.0-rc.4.0.20200320220005-3a3cefd0f2bd/go.mod h1:vtEkGtHeoOrSdk4mWFp1CWPY7zecqf4uRWP/QrIIHRU=
github.com/google/go-cmp v0.3.0/go.mod h1:8QqcDgzrUqlUb/G2PQTWiueGozuR1884gddMywk6iLU=
github.com/google/go-cmp v0.3.1/go.mod h1:8QqcDgzrUqlUb/G2PQTWiueGozuR1884gddMywk6iLU=
github.com/google/go-cmp v0.4.0/go.mod h1:v8dTdLbMG2kIc/vJvl+f65V22dbkXbowE6jgT/gNBxE=
github.com/jinzhu/configor v1.1.1 h1:gntDP+ffGhs7aJ0u8JvjCDts2OsxsI7bnz3q+jC+hSY=
github.com/jinzhu/configor v1.1.1/go.mod h1:nX89/MOmDba7ZX7GCyU/VIaQ2Ar2aizBl2d3JLF/rDc=
github.com/lib/pq v1.3.0 h1:/qkRGz8zljWiDcFvgpwUpwIAPu3r07TDvs3Rws+o/pU=
github.com/lib/pq v1.3.0/go.mod h1:5WUZQaWbwv1U+lTReE5YruASi9Al49XbQIvNi/34Woo=
golang.org/x/xerrors v0.0.0-20191204190536-9bdfabe68543/go.mod h1:I/5z698sn9Ka8TeJc9MKroUUfqBBauWjQqLJ2OPfmY0=
google.golang.org/protobuf v0.0.0-20200109180630-ec00e32a8dfd/go.mod h1:DFci5gLYBciE7Vtevhsrf46CRTquxDuWsQurQQe4oz8=
google.golang.org/protobuf v0.0.0-20200221191635-4d8936d0db64/go.mod h1:kwYJMbMJ01Woi6D6+Kah6886xMZcty6N08ah7+eCXa0=
google.golang.org/protobuf v0.0.0-20200228230310-ab0ca4ff8a60/go.mod h1:cfTl7dwQJ+fmap5saPgwCLgHXTUD7jkjRqWcaiX5VyM=
google.golang.org/protobuf v1.20.1-0.20200309200217-e05f789c0967/go.mod h1:A+miEFZTKqfCUM6K7xSMQL9OKL/b6hQv+e19PK+JZNE=
google.golang.org/protobuf v1.20.2-0.20200320194150-9d397869d892/go.mod h1:47Nbq4nVaFHyn7ilMalzfO3qCViNmqZ2kzikPIcrTAo=
gopkg.in/check.v1 v0.0.0-20161208181325-20d25e280405/go.mod h1:Co6ibVJAznAaIkqp8huTwlJQCZ016jof/cbN4VW5Yz0=
gopkg.in/yaml.v2 v2.2.2 h1:ZCJp+EgiOT7lHqUV2J862kp8Qj64Jo6az82+3Td9dZw=
gopkg.in/yaml.v2 v2.2.2/go.mod h1:hI93XBmqTisBFMUTm0b8Fm+jr3Dg1NNxqwp+5A1VGuI=
